
Microsoft Visual Studio Solution File, Format Version 12.00
# Visual Studio Version 17
VisualStudioVersion = 17.5.002.0
MinimumVisualStudioVersion = 10.0.40219.1
Project("{9A19103F-16F7-4668-BE54-9A1E7A4F7556}") = "EncrypKey-CS-Example", "EncrypKey-CS-Example.csproj", "{92DB5C6D-141F-4838-8465-1CC32C32CCDD}"
EndProject
Global
	GlobalSection(SolutionConfigurationPlatforms) = preSolution
		Debug|Any CPU = Debug|Any CPU
		Release|Any CPU = Release|Any CPU
	EndGlobalSection
	GlobalSection(ProjectConfigurationPlatforms) = postSolution
		{92DB5C6D-141F-4838-8465-1CC32C32CCDD}.Debug|Any CPU.ActiveCfg = Debug|Any CPU
		{92DB5C6D-141F-4838-8465-1CC32C32CCDD}.Debug|Any CPU.Build.0 = Debug|Any CPU
		{92DB5C6D-141F-4838-8465-1CC32C32CCDD}.Release|Any CPU.ActiveCfg = Release|Any CPU
		{92DB5C6D-141F-4838-8465-1CC32C32CCDD}.Release|Any CPU.Build.0 = Release|Any CPU
	EndGlobalSection
	GlobalSection(SolutionProperties) = preSolution
		HideSolutionNode = FALSE
	EndGlobalSection
	GlobalSection(ExtensibilityGlobals) = postSolution
		SolutionGuid = {D8FB6E8A-E944-4780-A798-25C52D19B4F5}
	EndGlobalSection
EndGlobal
